%{
  "aja": {:hex, :aja, "0.6.4", "9569d0040a35c5668bee56ce12f90c583ca73fd776e967ee1cba9a5bc797f1e8", [:mix], [{:jason, "~> 1.2", [hex: :jason, repo: "hexpm", optional: true]}], "hexpm", "a865afc944327839fd9bd1b04df78529898fcef0a67ed2d7f7440105fcad9443"},
  "benchee": {:hex, :benchee, "1.3.0", "f64e3b64ad3563fa9838146ddefb2d2f94cf5b473bdfd63f5ca4d0657bf96694", [:mix], [{:deep_merge, "~> 1.0", [hex: :deep_merge, repo: "hexpm", optional: false]}, {:statistex, "~> 1.0", [hex: :statistex, repo: "hexpm", optional: false]}, {:table, "~> 0.1.0", [hex: :table, repo: "hexpm", optional: true]}], "hexpm", "34f4294068c11b2bd2ebf2c59aac9c7da26ffa0068afdf3419f1b176e16c5f81"},
  "broadway": {:hex, :broadway, "1.0.7", "7808f9e3eb6f53ca6d060f0f9d61012dd8feb0d7a82e62d087dd517b9b66fa53", [:mix], [{:gen_stage, "~> 1.0", [hex: :gen_stage, repo: "hexpm", optional: false]}, {:nimble_options, "~> 0.3.7 or ~> 0.4 or ~> 1.0", [hex: :nimble_options, repo: "hexpm", optional: false]}, {:telemetry, "~> 0.4.3 or ~> 1.0", [hex: :telemetry, repo: "hexpm", optional: false]}], "hexpm", "e76cfb0a7d64176c387b8b1ddbfb023e2ee8a63e92f43664d78e6d5d0b1177c6"},
  "bunt": {:hex, :bunt, "1.0.0", "081c2c665f086849e6d57900292b3a161727ab40431219529f13c4ddcf3e7a44", [:mix], [], "hexpm", "dc5f86aa08a5f6fa6b8096f0735c4e76d54ae5c9fa2c143e5a1fc7c1cd9bb6b5"},
  "castore": {:hex, :castore, "1.0.5", "9eeebb394cc9a0f3ae56b813459f990abb0a3dedee1be6b27fdb50301930502f", [:mix], [], "hexpm", "8d7c597c3e4a64c395980882d4bca3cebb8d74197c590dc272cfd3b6a6310578"},
  "certifi": {:hex, :certifi, "2.12.0", "2d1cca2ec95f59643862af91f001478c9863c2ac9cb6e2f89780bfd8de987329", [:rebar3], [], "hexpm", "ee68d85df22e554040cdb4be100f33873ac6051387baf6a8f6ce82272340ff1c"},
  "combine": {:hex, :combine, "0.10.0", "eff8224eeb56498a2af13011d142c5e7997a80c8f5b97c499f84c841032e429f", [:mix], [], "hexpm", "1b1dbc1790073076580d0d1d64e42eae2366583e7aecd455d1215b0d16f2451b"},
  "cowboy": {:hex, :cowboy, "2.10.0", "ff9ffeff91dae4ae270dd975642997afe2a1179d94b1887863e43f681a203e26", [:make, :rebar3], [{:cowlib, "2.12.1", [hex: :cowlib, repo: "hexpm", optional: false]}, {:ranch, "1.8.0", [hex: :ranch, repo: "hexpm", optional: false]}], "hexpm", "3afdccb7183cc6f143cb14d3cf51fa00e53db9ec80cdcd525482f5e99bc41d6b"},
  "cowboy_telemetry": {:hex, :cowboy_telemetry, "0.4.0", "f239f68b588efa7707abce16a84d0d2acf3a0f50571f8bb7f56a15865aae820c", [:rebar3], [{:cowboy, "~> 2.7", [hex: :cowboy, repo: "hexpm", optional: false]}, {:telemetry, "~> 1.0", [hex: :telemetry, repo: "hexpm", optional: false]}], "hexpm", "7d98bac1ee4565d31b62d59f8823dfd8356a169e7fcbb83831b8a5397404c9de"},
  "cowlib": {:hex, :cowlib, "2.12.1", "a9fa9a625f1d2025fe6b462cb865881329b5caff8f1854d1cbc9f9533f00e1e1", [:make, :rebar3], [], "hexpm", "163b73f6367a7341b33c794c4e88e7dbfe6498ac42dcd69ef44c5bc5507c8db0"},
  "credo": {:hex, :credo, "1.7.3", "05bb11eaf2f2b8db370ecaa6a6bda2ec49b2acd5e0418bc106b73b07128c0436", [:mix], [{:bunt, "~> 0.2.1 or ~> 1.0", [hex: :bunt, repo: "hexpm", optional: false]}, {:file_system, "~> 0.2 or ~> 1.0", [hex: :file_system, repo: "hexpm", optional: false]}, {:jason, "~> 1.0", [hex: :jason, repo: "hexpm", optional: false]}], "hexpm", "35ea675a094c934c22fb1dca3696f3c31f2728ae6ef5a53b5d648c11180a4535"},
  "deep_merge": {:hex, :deep_merge, "1.0.0", "b4aa1a0d1acac393bdf38b2291af38cb1d4a52806cf7a4906f718e1feb5ee961", [:mix], [], "hexpm", "ce708e5f094b9cd4e8f2be4f00d2f4250c4095be93f8cd6d018c753894885430"},
  "dialyxir": {:hex, :dialyxir, "1.4.3", "edd0124f358f0b9e95bfe53a9fcf806d615d8f838e2202a9f430d59566b6b53b", [:mix], [{:erlex, ">= 0.2.6", [hex: :erlex, repo: "hexpm", optional: false]}], "hexpm", "bf2cfb75cd5c5006bec30141b131663299c661a864ec7fbbc72dfa557487a986"},
  "eep": {:git, "https://github.com/virtan/eep", "8f6e5e3ade0606390d928830db61350a5451dda8", [branch: "master"]},
  "eflambe": {:hex, :eflambe, "0.3.1", "ef0a35084fad1f50744496730a9662782c0a9ebf449d3e03143e23295c5926ea", [:rebar3], [{:meck, "0.9.2", [hex: :meck, repo: "hexpm", optional: false]}], "hexpm", "58d5997be606d4e269e9e9705338e055281fdf3e4935cc902c8908e9e4516c5f"},
  "eleveldb": {:hex, :eleveldb, "2.2.20", "1fff63a5055bbf4bf821f797ef76065882b193f5e8095f95fcd9287187773b58", [:rebar3], [], "hexpm", "0e67df12ef836a7bcdde9373c59f1ae18b335defd1d66b820d3d4dd7ca1844e2"},
  "erlex": {:hex, :erlex, "0.2.6", "c7987d15e899c7a2f34f5420d2a2ea0d659682c06ac607572df55a43753aa12e", [:mix], [], "hexpm", "2ed2e25711feb44d52b17d2780eabf998452f6efda104877a3881c2f8c0c0c75"},
  "ex2ms": {:hex, :ex2ms, "1.6.1", "66d472eb14da43087c156e0396bac3cc7176b4f24590a251db53f84e9a0f5f72", [:mix], [], "hexpm", "a7192899d84af03823a8ec2f306fa858cbcce2c2e7fd0f1c49e05168fb9c740e"},
  "exleveldb": {:hex, :exleveldb, "0.14.0", "8e9353bbce38482d6971d254c6b98ceb50f3f179c94732b5d17db1be426fca18", [:mix], [{:eleveldb, "~> 2.2.20", [hex: :eleveldb, repo: "hexpm", optional: false]}], "hexpm", "803cd3b4c826a1e17e7e28f6afe224837a743b475e1a48336f186af3dd8636ad"},
  "expo": {:hex, :expo, "0.5.1", "249e826a897cac48f591deba863b26c16682b43711dd15ee86b92f25eafd96d9", [:mix], [], "hexpm", "68a4233b0658a3d12ee00d27d37d856b1ba48607e7ce20fd376958d0ba6ce92b"},
  "file_system": {:hex, :file_system, "1.0.0", "b689cc7dcee665f774de94b5a832e578bd7963c8e637ef940cd44327db7de2cd", [:mix], [], "hexpm", "6752092d66aec5a10e662aefeed8ddb9531d79db0bc145bb8c40325ca1d8536d"},
  "gen_stage": {:hex, :gen_stage, "1.2.1", "19d8b5e9a5996d813b8245338a28246307fd8b9c99d1237de199d21efc4c76a1", [:mix], [], "hexpm", "83e8be657fa05b992ffa6ac1e3af6d57aa50aace8f691fcf696ff02f8335b001"},
  "gettext": {:hex, :gettext, "0.24.0", "6f4d90ac5f3111673cbefc4ebee96fe5f37a114861ab8c7b7d5b30a1108ce6d8", [:mix], [{:expo, "~> 0.5.1", [hex: :expo, repo: "hexpm", optional: false]}], "hexpm", "bdf75cdfcbe9e4622dd18e034b227d77dd17f0f133853a1c73b97b3d6c770e8b"},
  "hackney": {:hex, :hackney, "1.20.1", "8d97aec62ddddd757d128bfd1df6c5861093419f8f7a4223823537bad5d064e2", [:rebar3], [{:certifi, "~> 2.12.0", [hex: :certifi, repo: "hexpm", optional: false]}, {:idna, "~> 6.1.0", [hex: :idna, repo: "hexpm", optional: false]}, {:metrics, "~> 1.0.0", [hex: :metrics, repo: "hexpm", optional: false]}, {:mimerl, "~> 1.1", [hex: :mimerl, repo: "hexpm", optional: false]}, {:parse_trans, "3.4.1", [hex: :parse_trans, repo: "hexpm", optional: false]}, {:ssl_verify_fun, "~> 1.1.0", [hex: :ssl_verify_fun, repo: "hexpm", optional: false]}, {:unicode_util_compat, "~> 0.7.0", [hex: :unicode_util_compat, repo: "hexpm", optional: false]}], "hexpm", "fe9094e5f1a2a2c0a7d10918fee36bfec0ec2a979994cff8cfe8058cd9af38e3"},
  "idna": {:hex, :idna, "6.1.1", "8a63070e9f7d0c62eb9d9fcb360a7de382448200fbbd1b106cc96d3d8099df8d", [:rebar3], [{:unicode_util_compat, "~> 0.7.0", [hex: :unicode_util_compat, repo: "hexpm", optional: false]}], "hexpm", "92376eb7894412ed19ac475e4a86f7b413c1b9fbb5bd16dccd57934157944cea"},
  "jason": {:hex, :jason, "1.4.1", "af1504e35f629ddcdd6addb3513c3853991f694921b1b9368b0bd32beb9f1b63", [:mix], [{:decimal, "~> 1.0 or ~> 2.0", [hex: :decimal, repo: "hexpm", optional: true]}], "hexpm", "fbb01ecdfd565b56261302f7e1fcc27c4fb8f32d56eab74db621fc154604a7a1"},
  "joken": {:hex, :joken, "2.6.0", "b9dd9b6d52e3e6fcb6c65e151ad38bf4bc286382b5b6f97079c47ade6b1bcc6a", [:mix], [{:jose, "~> 1.11.5", [hex: :jose, repo: "hexpm", optional: false]}], "hexpm", "5a95b05a71cd0b54abd35378aeb1d487a23a52c324fa7efdffc512b655b5aaa7"},
  "jose": {:hex, :jose, "1.11.6", "613fda82552128aa6fb804682e3a616f4bc15565a048dabd05b1ebd5827ed965", [:mix, :rebar3], [], "hexpm", "6275cb75504f9c1e60eeacb771adfeee4905a9e182103aa59b53fed651ff9738"},
  "logfmt_ex": {:hex, :logfmt_ex, "0.4.2", "e337b6072bd21ad61d8bbe38d9c591b5a8e4869ceba4967699d027baedf2eec8", [:mix], [], "hexpm", "7fad3704383d4595adf0da873e72c8b393120e67b1257f9102da881fde9d4249"},
  "meck": {:hex, :meck, "0.9.2", "85ccbab053f1db86c7ca240e9fc718170ee5bda03810a6292b5306bf31bae5f5", [:rebar3], [], "hexpm", "81344f561357dc40a8344afa53767c32669153355b626ea9fcbc8da6b3045826"},
  "metrics": {:hex, :metrics, "1.0.1", "25f094dea2cda98213cecc3aeff09e940299d950904393b2a29d191c346a8486", [:rebar3], [], "hexpm", "69b09adddc4f74a40716ae54d140f93beb0fb8978d8636eaded0c31b6f099f16"},
  "mime": {:hex, :mime, "2.0.5", "dc34c8efd439abe6ae0343edbb8556f4d63f178594894720607772a041b04b02", [:mix], [], "hexpm", "da0d64a365c45bc9935cc5c8a7fc5e49a0e0f9932a761c55d6c52b142780a05c"},
  "mimerl": {:hex, :mimerl, "1.2.0", "67e2d3f571088d5cfd3e550c383094b47159f3eee8ffa08e64106cdf5e981be3", [:rebar3], [], "hexpm", "f278585650aa581986264638ebf698f8bb19df297f66ad91b18910dfc6e19323"},
  "nimble_options": {:hex, :nimble_options, "1.1.0", "3b31a57ede9cb1502071fade751ab0c7b8dbe75a9a4c2b5bbb0943a690b63172", [:mix], [], "hexpm", "8bbbb3941af3ca9acc7835f5655ea062111c9c27bcac53e004460dfd19008a99"},
  "open_api_spex": {:hex, :open_api_spex, "3.18.2", "8c855e83bfe8bf81603d919d6e892541eafece3720f34d1700b58024dadde247", [:mix], [{:jason, "~> 1.0", [hex: :jason, repo: "hexpm", optional: true]}, {:plug, "~> 1.7", [hex: :plug, repo: "hexpm", optional: false]}, {:poison, "~> 3.0 or ~> 4.0 or ~> 5.0", [hex: :poison, repo: "hexpm", optional: true]}, {:ymlr, "~> 2.0 or ~> 3.0 or ~> 4.0", [hex: :ymlr, repo: "hexpm", optional: true]}], "hexpm", "aa3e6dcfc0ad6a02596b2172662da21c9dd848dac145ea9e603f54e3d81b8d2b"},
  "parse_trans": {:hex, :parse_trans, "3.4.1", "6e6aa8167cb44cc8f39441d05193be6e6f4e7c2946cb2759f015f8c56b76e5ff", [:rebar3], [], "hexpm", "620a406ce75dada827b82e453c19cf06776be266f5a67cff34e1ef2cbb60e49a"},
  "patch": {:hex, :patch, "0.13.0", "da48728f9086a835956200a671210fe88f67ff48bb1f92626989886493ac2081", [:mix], [], "hexpm", "d65a840d485dfa05bf6673269b56680e7537a05050684e713de125a351b28112"},
  "phoenix": {:hex, :phoenix, "1.7.11", "1d88fc6b05ab0c735b250932c4e6e33bfa1c186f76dcf623d8dd52f07d6379c7", [:mix], [{:castore, ">= 0.0.0", [hex: :castore, repo: "hexpm", optional: false]}, {:jason, "~> 1.0", [hex: :jason, repo: "hexpm", optional: true]}, {:phoenix_pubsub, "~> 2.1", [hex: :phoenix_pubsub, repo: "hexpm", optional: false]}, {:phoenix_template, "~> 1.0", [hex: :phoenix_template, repo: "hexpm", optional: false]}, {:phoenix_view, "~> 2.0", [hex: :phoenix_view, repo: "hexpm", optional: true]}, {:plug, "~> 1.14", [hex: :plug, repo: "hexpm", optional: false]}, {:plug_cowboy, "~> 2.7", [hex: :plug_cowboy, repo: "hexpm", optional: true]}, {:plug_crypto, "~> 1.2 or ~> 2.0", [hex: :plug_crypto, repo: "hexpm", optional: false]}, {:telemetry, "~> 0.4 or ~> 1.0", [hex: :telemetry, repo: "hexpm", optional: false]}, {:websock_adapter, "~> 0.5.3", [hex: :websock_adapter, repo: "hexpm", optional: false]}], "hexpm", "b1ec57f2e40316b306708fe59b92a16b9f6f4bf50ccfa41aa8c7feb79e0ec02a"},
  "phoenix_pubsub": {:hex, :phoenix_pubsub, "2.1.3", "3168d78ba41835aecad272d5e8cd51aa87a7ac9eb836eabc42f6e57538e3731d", [:mix], [], "hexpm", "bba06bc1dcfd8cb086759f0edc94a8ba2bc8896d5331a1e2c2902bf8e36ee502"},
  "phoenix_template": {:hex, :phoenix_template, "1.0.4", "e2092c132f3b5e5b2d49c96695342eb36d0ed514c5b252a77048d5969330d639", [:mix], [{:phoenix_html, "~> 2.14.2 or ~> 3.0 or ~> 4.0", [hex: :phoenix_html, repo: "hexpm", optional: true]}], "hexpm", "2c0c81f0e5c6753faf5cca2f229c9709919aba34fab866d3bc05060c9c444206"},
  "plug": {:hex, :plug, "1.15.3", "712976f504418f6dff0a3e554c40d705a9bcf89a7ccef92fc6a5ef8f16a30a97", [:mix], [{:mime, "~> 1.0 or ~> 2.0", [hex: :mime, repo: "hexpm", optional: false]}, {:plug_crypto, "~> 1.1.1 or ~> 1.2 or ~> 2.0", [hex: :plug_crypto, repo: "hexpm", optional: false]}, {:telemetry, "~> 0.4.3 or ~> 1.0", [hex: :telemetry, repo: "hexpm", optional: false]}], "hexpm", "cc4365a3c010a56af402e0809208873d113e9c38c401cabd88027ef4f5c01fd2"},
  "plug_cowboy": {:hex, :plug_cowboy, "2.7.0", "3ae9369c60641084363b08fe90267cbdd316df57e3557ea522114b30b63256ea", [:mix], [{:cowboy, "~> 2.7.0 or ~> 2.8.0 or ~> 2.9.0 or ~> 2.10.0", [hex: :cowboy, repo: "hexpm", optional: false]}, {:cowboy_telemetry, "~> 0.3", [hex: :cowboy_telemetry, repo: "hexpm", optional: false]}, {:plug, "~> 1.14", [hex: :plug, repo: "hexpm", optional: false]}], "hexpm", "d85444fb8aa1f2fc62eabe83bbe387d81510d773886774ebdcb429b3da3c1a4a"},
  "plug_crypto": {:hex, :plug_crypto, "2.0.0", "77515cc10af06645abbfb5e6ad7a3e9714f805ae118fa1a70205f80d2d70fe73", [:mix], [], "hexpm", "53695bae57cc4e54566d993eb01074e4d894b65a3766f1c43e2c61a1b0f45ea9"},
  "protobuf": {:hex, :protobuf, "0.12.0", "58c0dfea5f929b96b5aa54ec02b7130688f09d2de5ddc521d696eec2a015b223", [:mix], [{:jason, "~> 1.2", [hex: :jason, repo: "hexpm", optional: true]}], "hexpm", "75fa6cbf262062073dd51be44dd0ab940500e18386a6c4e87d5819a58964dc45"},
  "ranch": {:hex, :ranch, "1.8.0", "8c7a100a139fd57f17327b6413e4167ac559fbc04ca7448e9be9057311597a1d", [:make, :rebar3], [], "hexpm", "49fbcfd3682fab1f5d109351b61257676da1a2fdbe295904176d5e521a2ddfe5"},
  "recase": {:hex, :recase, "0.7.0", "3f2f719f0886c7a3b7fe469058ec539cb7bbe0023604ae3bce920e186305e5ae", [:mix], [], "hexpm", "36f5756a9f552f4a94b54a695870e32f4e72d5fad9c25e61bc4a3151c08a4e0c"},
  "redbug": {:hex, :redbug, "1.2.2", "366d8961770ddc7bb5d209fbadddfa7271005487f938c087a0e385a57abfee33", [:rebar3], [], "hexpm", "b5fe7b94e487be559cb0ec1c0e938c9761205d3e91a96bf263bdf1beaebea729"},
  "rexbug": {:hex, :rexbug, "1.0.6", "024071c67d970151fbdc06f299faf8db3e1b2ac759a28623a9cc80a517fc74f2", [:mix], [{:mix_test_watch, ">= 0.5.0", [hex: :mix_test_watch, repo: "hexpm", optional: true]}, {:redbug, "~> 1.2", [hex: :redbug, repo: "hexpm", optional: false]}], "hexpm", "148ea724979413e9fd84ca3b4bb5d2d8b840ac481adfd645f5846fda409a642c"},
  "rustler": {:hex, :rustler, "0.30.0", "cefc49922132b072853fa9b0ca4dc2ffcb452f68fb73b779042b02d545e097fb", [:mix], [{:jason, "~> 1.0", [hex: :jason, repo: "hexpm", optional: false]}, {:toml, "~> 0.6", [hex: :toml, repo: "hexpm", optional: false]}], "hexpm", "9ef1abb6a7dda35c47cfc649e6a5a61663af6cf842a55814a554a84607dee389"},
  "snappyer": {:hex, :snappyer, "1.2.9", "9cc58470798648ce34c662ca0aa6daae31367667714c9a543384430a3586e5d3", [:rebar3], [], "hexpm", "18d00ca218ae613416e6eecafe1078db86342a66f86277bd45c95f05bf1c8b29"},
  "ssl_verify_fun": {:hex, :ssl_verify_fun, "1.1.7", "354c321cf377240c7b8716899e182ce4890c5938111a1296add3ec74cf1715df", [:make, :mix, :rebar3], [], "hexpm", "fe4c190e8f37401d30167c8c405eda19469f34577987c76dde613e838bbc67f8"},
  "statistex": {:hex, :statistex, "1.0.0", "f3dc93f3c0c6c92e5f291704cf62b99b553253d7969e9a5fa713e5481cd858a5", [:mix], [], "hexpm", "ff9d8bee7035028ab4742ff52fc80a2aa35cece833cf5319009b52f1b5a86c27"},
  "stream_data": {:hex, :stream_data, "0.6.0", "e87a9a79d7ec23d10ff83eb025141ef4915eeb09d4491f79e52f2562b73e5f47", [:mix], [], "hexpm", "b92b5031b650ca480ced047578f1d57ea6dd563f5b57464ad274718c9c29501c"},
  "telemetry": {:hex, :telemetry, "1.2.1", "68fdfe8d8f05a8428483a97d7aab2f268aaff24b49e0f599faa091f1d4e7f61c", [:rebar3], [], "hexpm", "dad9ce9d8effc621708f99eac538ef1cbe05d6a874dd741de2e689c47feafed5"},
  "telemetry_metrics": {:hex, :telemetry_metrics, "0.6.2", "2caabe9344ec17eafe5403304771c3539f3b6e2f7fb6a6f602558c825d0d0bfb", [:mix], [{:telemetry, "~> 0.4 or ~> 1.0", [hex: :telemetry, repo: "hexpm", optional: false]}], "hexpm", "9b43db0dc33863930b9ef9d27137e78974756f5f198cae18409970ed6fa5b561"},
  "telemetry_metrics_prometheus": {:hex, :telemetry_metrics_prometheus, "1.1.0", "1cc23e932c1ef9aa3b91db257ead31ea58d53229d407e059b29bb962c1505a13", [:mix], [{:plug_cowboy, "~> 2.1", [hex: :plug_cowboy, repo: "hexpm", optional: false]}, {:telemetry_metrics_prometheus_core, "~> 1.0", [hex: :telemetry_metrics_prometheus_core, repo: "hexpm", optional: false]}], "hexpm", "d43b3659b3244da44fe0275b717701542365d4519b79d9ce895b9719c1ce4d26"},
  "telemetry_metrics_prometheus_core": {:hex, :telemetry_metrics_prometheus_core, "1.2.0", "b583c3f18508f5c5561b674d16cf5d9afd2ea3c04505b7d92baaeac93c1b8260", [:mix], [{:telemetry, "~> 0.4 or ~> 1.0", [hex: :telemetry, repo: "hexpm", optional: false]}, {:telemetry_metrics, "~> 0.6", [hex: :telemetry_metrics, repo: "hexpm", optional: false]}], "hexpm", "9cba950e1c4733468efbe3f821841f34ac05d28e7af7798622f88ecdbbe63ea3"},
  "telemetry_poller": {:hex, :telemetry_poller, "1.0.0", "db91bb424e07f2bb6e73926fcafbfcbcb295f0193e0a00e825e589a0a47e8453", [:rebar3], [{:telemetry, "~> 1.0", [hex: :telemetry, repo: "hexpm", optional: false]}], "hexpm", "b3a24eafd66c3f42da30fc3ca7dda1e9d546c12250a2d60d7b81d264fbec4f6e"},
  "tesla": {:hex, :tesla, "1.8.0", "d511a4f5c5e42538d97eef7c40ec4f3e44effdc5068206f42ed859e09e51d1fd", [:mix], [{:castore, "~> 0.1 or ~> 1.0", [hex: :castore, repo: "hexpm", optional: true]}, {:exjsx, ">= 3.0.0", [hex: :exjsx, repo: "hexpm", optional: true]}, {:finch, "~> 0.13", [hex: :finch, repo: "hexpm", optional: true]}, {:fuse, "~> 2.4", [hex: :fuse, repo: "hexpm", optional: true]}, {:gun, ">= 1.0.0", [hex: :gun, repo: "hexpm", optional: true]}, {:hackney, "~> 1.6", [hex: :hackney, repo: "hexpm", optional: true]}, {:ibrowse, "4.4.2", [hex: :ibrowse, repo: "hexpm", optional: true]}, {:jason, ">= 1.0.0", [hex: :jason, repo: "hexpm", optional: true]}, {:mime, "~> 1.0 or ~> 2.0", [hex: :mime, repo: "hexpm", optional: false]}, {:mint, "~> 1.0", [hex: :mint, repo: "hexpm", optional: true]}, {:msgpax, "~> 2.3", [hex: :msgpax, repo: "hexpm", optional: true]}, {:poison, ">= 1.0.0", [hex: :poison, repo: "hexpm", optional: true]}, {:telemetry, "~> 0.4 or ~> 1.0", [hex: :telemetry, repo: "hexpm", optional: true]}], "hexpm", "10501f360cd926a309501287470372af1a6e1cbed0f43949203a4c13300bc79f"},
  "timex": {:hex, :timex, "3.7.11", "bb95cb4eb1d06e27346325de506bcc6c30f9c6dea40d1ebe390b262fad1862d1", [:mix], [{:combine, "~> 0.10", [hex: :combine, repo: "hexpm", optional: false]}, {:gettext, "~> 0.20", [hex: :gettext, repo: "hexpm", optional: false]}, {:tzdata, "~> 1.1", [hex: :tzdata, repo: "hexpm", optional: false]}], "hexpm", "8b9024f7efbabaf9bd7aa04f65cf8dcd7c9818ca5737677c7b76acbc6a94d1aa"},
  "toml": {:hex, :toml, "0.7.0", "fbcd773caa937d0c7a02c301a1feea25612720ac3fa1ccb8bfd9d30d822911de", [:mix], [], "hexpm", "0690246a2478c1defd100b0c9b89b4ea280a22be9a7b313a8a058a2408a2fa70"},
  "tzdata": {:hex, :tzdata, "1.1.1", "20c8043476dfda8504952d00adac41c6eda23912278add38edc140ae0c5bcc46", [:mix], [{:hackney, "~> 1.17", [hex: :hackney, repo: "hexpm", optional: false]}], "hexpm", "a69cec8352eafcd2e198dea28a34113b60fdc6cb57eb5ad65c10292a6ba89787"},
  "unicode_util_compat": {:hex, :unicode_util_compat, "0.7.0", "bc84380c9ab48177092f43ac89e4dfa2c6d62b40b8bd132b1059ecc7232f9a78", [:rebar3], [], "hexpm", "25eee6d67df61960cf6a794239566599b09e17e668d3700247bc498638152521"},
  "uuid": {:hex, :uuid, "1.1.8", "e22fc04499de0de3ed1116b770c7737779f226ceefa0badb3592e64d5cfb4eb9", [:mix], [], "hexpm", "c790593b4c3b601f5dc2378baae7efaf5b3d73c4c6456ba85759905be792f2ac"},
  "websock": {:hex, :websock, "0.5.3", "2f69a6ebe810328555b6fe5c831a851f485e303a7c8ce6c5f675abeb20ebdadc", [:mix], [], "hexpm", "6105453d7fac22c712ad66fab1d45abdf049868f253cf719b625151460b8b453"},
  "websock_adapter": {:hex, :websock_adapter, "0.5.5", "9dfeee8269b27e958a65b3e235b7e447769f66b5b5925385f5a569269164a210", [:mix], [{:bandit, ">= 0.6.0", [hex: :bandit, repo: "hexpm", optional: true]}, {:plug, "~> 1.14", [hex: :plug, repo: "hexpm", optional: false]}, {:plug_cowboy, "~> 2.6", [hex: :plug_cowboy, repo: "hexpm", optional: true]}, {:websock, "~> 0.5", [hex: :websock, repo: "hexpm", optional: false]}], "hexpm", "4b977ba4a01918acbf77045ff88de7f6972c2a009213c515a445c48f224ffce9"},
  "yamerl": {:hex, :yamerl, "0.10.0", "4ff81fee2f1f6a46f1700c0d880b24d193ddb74bd14ef42cb0bcf46e81ef2f8e", [:rebar3], [], "hexpm", "346adb2963f1051dc837a2364e4acf6eb7d80097c0f53cbdc3046ec8ec4b4e6e"},
  "yaml_elixir": {:hex, :yaml_elixir, "2.9.0", "9a256da867b37b8d2c1ffd5d9de373a4fda77a32a45b452f1708508ba7bbcb53", [:mix], [{:yamerl, "~> 0.10", [hex: :yamerl, repo: "hexpm", optional: false]}], "hexpm", "0cb0e7d4c56f5e99a6253ed1a670ed0e39c13fc45a6da054033928607ac08dfc"},
}
